
Microsoft Visual Studio Solution File, Format Version 12.00
# Visual Studio Version 16
VisualStudioVersion = 16.0.30907.101
MinimumVisualStudioVersion = 10.0.40219.1
Project("{FAE04EC0-301F-11D3-BF4B-00C04F79EFBC}") = "ФабричныйМетод", "ФабричныйМетод\ФабричныйМетод.csproj", "{CC4820E7-3F0D-47B2-B389-DBB981E81AC8}"
EndProject
Project("{FAE04EC0-301F-11D3-BF4B-00C04F79EFBC}") = "АбстрактнаяФабрика", "АбстрактнаяФабрика\АбстрактнаяФабрика.csproj", "{E0626691-8D56-4E79-960E-ACB0B462B86C}"
EndProject
Project("{FAE04EC0-301F-11D3-BF4B-00C04F79EFBC}") = "Прототип", "Прототип\Прототип.csproj", "{F674DC4E-9D4B-46C4-964B-C34F1B85A521}"
EndProject
Project("{FAE04EC0-301F-11D3-BF4B-00C04F79EFBC}") = "Строитель", "Строитель\Строитель.csproj", "{39D68D1E-F5D8-4BBD-9234-EE8FB5F8BEA3}"
EndProject
Project("{FAE04EC0-301F-11D3-BF4B-00C04F79EFBC}") = "Стратегия", "Стратегия\Стратегия.csproj", "{6735EF4F-B156-4C88-B414-F651ACCDC2EE}"
EndProject
Project("{FAE04EC0-301F-11D3-BF4B-00C04F79EFBC}") = "Наблюдатель", "Наблюдатель\Наблюдатель.csproj", "{684CDDEB-AA9C-41EE-B737-661A91714D9E}"
EndProject
Project("{FAE04EC0-301F-11D3-BF4B-00C04F79EFBC}") = "Команда", "Комманда\Команда.csproj", "{D0BB0ED5-1A46-4C37-AD95-92198DDA74CA}"
EndProject
Project("{FAE04EC0-301F-11D3-BF4B-00C04F79EFBC}") = "ШаблонныйМетод", "ШаблонныйМетод\ШаблонныйМетод.csproj", "{C31CB70F-7A9F-484E-AE2D-38F785AEBEF1}"
EndProject
Project("{FAE04EC0-301F-11D3-BF4B-00C04F79EFBC}") = "Итератор", "Итератор\Итератор.csproj", "{1D71294E-F277-4CDA-89A5-F3AE59C63368}"
EndProject
Project("{FAE04EC0-301F-11D3-BF4B-00C04F79EFBC}") = "Состояние", "Состояние\Состояние.csproj", "{BC61FE98-CF30-4F45-8AD5-FE9FDC15A09F}"
EndProject
Project("{FAE04EC0-301F-11D3-BF4B-00C04F79EFBC}") = "ЦепочкаОбязанностей", "ЦепочкаОбязанностей\ЦепочкаОбязанностей.csproj", "{52F4488A-954F-47AC-BB64-89185F349CA8}"
EndProject
Project("{FAE04EC0-301F-11D3-BF4B-00C04F79EFBC}") = "Медиатор", "Медиатор\Медиатор.csproj", "{2206C594-6A28-43C3-83D5-2C2D2B3D3610}"
EndProject
Project("{FAE04EC0-301F-11D3-BF4B-00C04F79EFBC}") = "Хранитель", "Хранитель\Хранитель.csproj", "{5FB84727-8B35-4FE8-90F2-ECD437DF8686}"
EndProject
Project("{FAE04EC0-301F-11D3-BF4B-00C04F79EFBC}") = "Посетитель", "Посетитель\Посетитель.csproj", "{320922AC-A590-48A8-83B5-2B6EDC246502}"
EndProject
Project("{FAE04EC0-301F-11D3-BF4B-00C04F79EFBC}") = "Декоратор", "Декоратор\Декоратор.csproj", "{B206E789-54F9-4799-AE68-A954D29DC0BE}"
EndProject
Project("{FAE04EC0-301F-11D3-BF4B-00C04F79EFBC}") = "Адаптер", "Адаптер\Адаптер.csproj", "{029A18C5-429E-4D06-9B30-649D13B1A6F5}"
EndProject
Global
	GlobalSection(SolutionConfigurationPlatforms) = preSolution
		Debug|Any CPU = Debug|Any CPU
		Release|Any CPU = Release|Any CPU
	EndGlobalSection
	GlobalSection(ProjectConfigurationPlatforms) = postSolution
		{CC4820E7-3F0D-47B2-B389-DBB981E81AC8}.Debug|Any CPU.ActiveCfg = Debug|Any CPU
		{CC4820E7-3F0D-47B2-B389-DBB981E81AC8}.Debug|Any CPU.Build.0 = Debug|Any CPU
		{CC4820E7-3F0D-47B2-B389-DBB981E81AC8}.Release|Any CPU.ActiveCfg = Release|Any CPU
		{CC4820E7-3F0D-47B2-B389-DBB981E81AC8}.Release|Any CPU.Build.0 = Release|Any CPU
		{E0626691-8D56-4E79-960E-ACB0B462B86C}.Debug|Any CPU.ActiveCfg = Debug|Any CPU
		{E0626691-8D56-4E79-960E-ACB0B462B86C}.Debug|Any CPU.Build.0 = Debug|Any CPU
		{E0626691-8D56-4E79-960E-ACB0B462B86C}.Release|Any CPU.ActiveCfg = Release|Any CPU
		{E0626691-8D56-4E79-960E-ACB0B462B86C}.Release|Any CPU.Build.0 = Release|Any CPU
		{F674DC4E-9D4B-46C4-964B-C34F1B85A521}.Debug|Any CPU.ActiveCfg = Debug|Any CPU
		{F674DC4E-9D4B-46C4-964B-C34F1B85A521}.Debug|Any CPU.Build.0 = Debug|Any CPU
		{F674DC4E-9D4B-46C4-964B-C34F1B85A521}.Release|Any CPU.ActiveCfg = Release|Any CPU
		{F674DC4E-9D4B-46C4-964B-C34F1B85A521}.Release|Any CPU.Build.0 = Release|Any CPU
		{39D68D1E-F5D8-4BBD-9234-EE8FB5F8BEA3}.Debug|Any CPU.ActiveCfg = Debug|Any CPU
		{39D68D1E-F5D8-4BBD-9234-EE8FB5F8BEA3}.Debug|Any CPU.Build.0 = Debug|Any CPU
		{39D68D1E-F5D8-4BBD-9234-EE8FB5F8BEA3}.Release|Any CPU.ActiveCfg = Release|Any CPU
		{39D68D1E-F5D8-4BBD-9234-EE8FB5F8BEA3}.Release|Any CPU.Build.0 = Release|Any CPU
		{6735EF4F-B156-4C88-B414-F651ACCDC2EE}.Debug|Any CPU.ActiveCfg = Debug|Any CPU
		{6735EF4F-B156-4C88-B414-F651ACCDC2EE}.Debug|Any CPU.Build.0 = Debug|Any CPU
		{6735EF4F-B156-4C88-B414-F651ACCDC2EE}.Release|Any CPU.ActiveCfg = Release|Any CPU
		{6735EF4F-B156-4C88-B414-F651ACCDC2EE}.Release|Any CPU.Build.0 = Release|Any CPU
		{684CDDEB-AA9C-41EE-B737-661A91714D9E}.Debug|Any CPU.ActiveCfg = Debug|Any CPU
		{684CDDEB-AA9C-41EE-B737-661A91714D9E}.Debug|Any CPU.Build.0 = Debug|Any CPU
		{684CDDEB-AA9C-41EE-B737-661A91714D9E}.Release|Any CPU.ActiveCfg = Release|Any CPU
		{684CDDEB-AA9C-41EE-B737-661A91714D9E}.Release|Any CPU.Build.0 = Release|Any CPU
		{D0BB0ED5-1A46-4C37-AD95-92198DDA74CA}.Debug|Any CPU.ActiveCfg = Debug|Any CPU
		{D0BB0ED5-1A46-4C37-AD95-92198DDA74CA}.Debug|Any CPU.Build.0 = Debug|Any CPU
		{D0BB0ED5-1A46-4C37-AD95-92198DDA74CA}.Release|Any CPU.ActiveCfg = Release|Any CPU
		{D0BB0ED5-1A46-4C37-AD95-92198DDA74CA}.Release|Any CPU.Build.0 = Release|Any CPU
		{C31CB70F-7A9F-484E-AE2D-38F785AEBEF1}.Debug|Any CPU.ActiveCfg = Debug|Any CPU
		{C31CB70F-7A9F-484E-AE2D-38F785AEBEF1}.Debug|Any CPU.Build.0 = Debug|Any CPU
		{C31CB70F-7A9F-484E-AE2D-38F785AEBEF1}.Release|Any CPU.ActiveCfg = Release|Any CPU
		{C31CB70F-7A9F-484E-AE2D-38F785AEBEF1}.Release|Any CPU.Build.0 = Release|Any CPU
		{1D71294E-F277-4CDA-89A5-F3AE59C63368}.Debug|Any CPU.ActiveCfg = Debug|Any CPU
		{1D71294E-F277-4CDA-89A5-F3AE59C63368}.Debug|Any CPU.Build.0 = Debug|Any CPU
		{1D71294E-F277-4CDA-89A5-F3AE59C63368}.Release|Any CPU.ActiveCfg = Release|Any CPU
		{1D71294E-F277-4CDA-89A5-F3AE59C63368}.Release|Any CPU.Build.0 = Release|Any CPU
		{BC61FE98-CF30-4F45-8AD5-FE9FDC15A09F}.Debug|Any CPU.ActiveCfg = Debug|Any CPU
		{BC61FE98-CF30-4F45-8AD5-FE9FDC15A09F}.Debug|Any CPU.Build.0 = Debug|Any CPU
		{BC61FE98-CF30-4F45-8AD5-FE9FDC15A09F}.Release|Any CPU.ActiveCfg = Release|Any CPU
		{BC61FE98-CF30-4F45-8AD5-FE9FDC15A09F}.Release|Any CPU.Build.0 = Release|Any CPU
		{52F4488A-954F-47AC-BB64-89185F349CA8}.Debug|Any CPU.ActiveCfg = Debug|Any CPU
		{52F4488A-954F-47AC-BB64-89185F349CA8}.Debug|Any CPU.Build.0 = Debug|Any CPU
		{52F4488A-954F-47AC-BB64-89185F349CA8}.Release|Any CPU.ActiveCfg = Release|Any CPU
		{52F4488A-954F-47AC-BB64-89185F349CA8}.Release|Any CPU.Build.0 = Release|Any CPU
		{2206C594-6A28-43C3-83D5-2C2D2B3D3610}.Debug|Any CPU.ActiveCfg = Debug|Any CPU
		{2206C594-6A28-43C3-83D5-2C2D2B3D3610}.Debug|Any CPU.Build.0 = Debug|Any CPU
		{2206C594-6A28-43C3-83D5-2C2D2B3D3610}.Release|Any CPU.ActiveCfg = Release|Any CPU
		{2206C594-6A28-43C3-83D5-2C2D2B3D3610}.Release|Any CPU.Build.0 = Release|Any CPU
		{5FB84727-8B35-4FE8-90F2-ECD437DF8686}.Debug|Any CPU.ActiveCfg = Debug|Any CPU
		{5FB84727-8B35-4FE8-90F2-ECD437DF8686}.Debug|Any CPU.Build.0 = Debug|Any CPU
		{5FB84727-8B35-4FE8-90F2-ECD437DF8686}.Release|Any CPU.ActiveCfg = Release|Any CPU
		{5FB84727-8B35-4FE8-90F2-ECD437DF8686}.Release|Any CPU.Build.0 = Release|Any CPU
		{320922AC-A590-48A8-83B5-2B6EDC246502}.Debug|Any CPU.ActiveCfg = Debug|Any CPU
		{320922AC-A590-48A8-83B5-2B6EDC246502}.Debug|Any CPU.Build.0 = Debug|Any CPU
		{320922AC-A590-48A8-83B5-2B6EDC246502}.Release|Any CPU.ActiveCfg = Release|Any CPU
		{320922AC-A590-48A8-83B5-2B6EDC246502}.Release|Any CPU.Build.0 = Release|Any CPU
		{B206E789-54F9-4799-AE68-A954D29DC0BE}.Debug|Any CPU.ActiveCfg = Debug|Any CPU
		{B206E789-54F9-4799-AE68-A954D29DC0BE}.Debug|Any CPU.Build.0 = Debug|Any CPU
		{B206E789-54F9-4799-AE68-A954D29DC0BE}.Release|Any CPU.ActiveCfg = Release|Any CPU
		{B206E789-54F9-4799-AE68-A954D29DC0BE}.Release|Any CPU.Build.0 = Release|Any CPU
		{029A18C5-429E-4D06-9B30-649D13B1A6F5}.Debug|Any CPU.ActiveCfg = Debug|Any CPU
		{029A18C5-429E-4D06-9B30-649D13B1A6F5}.Debug|Any CPU.Build.0 = Debug|Any CPU
		{029A18C5-429E-4D06-9B30-649D13B1A6F5}.Release|Any CPU.ActiveCfg = Release|Any CPU
		{029A18C5-429E-4D06-9B30-649D13B1A6F5}.Release|Any CPU.Build.0 = Release|Any CPU
	EndGlobalSection
	GlobalSection(SolutionProperties) = preSolution
		HideSolutionNode = FALSE
	EndGlobalSection
	GlobalSection(ExtensibilityGlobals) = postSolution
		SolutionGuid = {10072986-EF05-4A59-98E3-3A91959EBE58}
	EndGlobalSection
EndGlobal
